
Microsoft Visual Studio Solution File, Format Version 12.00
# Visual Studio Version 17
VisualStudioVersion = 17.9.34714.143
MinimumVisualStudioVersion = 10.0.40219.1
Project("{FAE04EC0-301F-11D3-BF4B-00C04F79EFBC}") = "wordcount", "wordcount.csproj", "{095418EE-71EE-4F0A-A149-6421AEEA4389}"
EndProject
Global
	GlobalSection(SolutionConfigurationPlatforms) = preSolution
		Debug|Any CPU = Debug|Any CPU
		Release|Any CPU = Release|Any CPU
	EndGlobalSection
	GlobalSection(ProjectConfigurationPlatforms) = postSolution
		{095418EE-71EE-4F0A-A149-6421AEEA4389}.Debug|Any CPU.ActiveCfg = Debug|Any CPU
		{095418EE-71EE-4F0A-A149-6421AEEA4389}.Debug|Any CPU.Build.0 = Debug|Any CPU
		{095418EE-71EE-4F0A-A149-6421AEEA4389}.Release|Any CPU.ActiveCfg = Release|Any CPU
		{095418EE-71EE-4F0A-A149-6421AEEA4389}.Release|Any CPU.Build.0 = Release|Any CPU
	EndGlobalSection
	GlobalSection(SolutionProperties) = preSolution
		HideSolutionNode = FALSE
	EndGlobalSection
	GlobalSection(ExtensibilityGlobals) = postSolution
		SolutionGuid = {E67B7E6E-4D7F-4D6E-98BE-A4E1A5ACA71C}
	EndGlobalSection
EndGlobal
