
Microsoft Visual Studio Solution File, Format Version 12.00
# Visual Studio Version 17
VisualStudioVersion = 17.9.34714.143
MinimumVisualStudioVersion = 10.0.40219.1
Project("{FAE04EC0-301F-11D3-BF4B-00C04F79EFBC}") = "GenricList", "GenricList.csproj", "{3DB5387A-9498-4761-BA81-B9E6C2C44C16}"
EndProject
Global
	GlobalSection(SolutionConfigurationPlatforms) = preSolution
		Debug|Any CPU = Debug|Any CPU
		Release|Any CPU = Release|Any CPU
	EndGlobalSection
	GlobalSection(ProjectConfigurationPlatforms) = postSolution
		{3DB5387A-9498-4761-BA81-B9E6C2C44C16}.Debug|Any CPU.ActiveCfg = Debug|Any CPU
		{3DB5387A-9498-4761-BA81-B9E6C2C44C16}.Debug|Any CPU.Build.0 = Debug|Any CPU
		{3DB5387A-9498-4761-BA81-B9E6C2C44C16}.Release|Any CPU.ActiveCfg = Release|Any CPU
		{3DB5387A-9498-4761-BA81-B9E6C2C44C16}.Release|Any CPU.Build.0 = Release|Any CPU
	EndGlobalSection
	GlobalSection(SolutionProperties) = preSolution
		HideSolutionNode = FALSE
	EndGlobalSection
	GlobalSection(ExtensibilityGlobals) = postSolution
		SolutionGuid = {D9930185-777C-4C9F-942A-31D6B6D1EC90}
	EndGlobalSection
EndGlobal
