
Microsoft Visual Studio Solution File, Format Version 12.00
# Visual Studio Version 17
VisualStudioVersion = 17.9.34714.143
MinimumVisualStudioVersion = 10.0.40219.1
Project("{FAE04EC0-301F-11D3-BF4B-00C04F79EFBC}") = "3_assignment", "3_assignment.csproj", "{E89FE40E-1098-492A-A739-D0357F81E32B}"
EndProject
Global
	GlobalSection(SolutionConfigurationPlatforms) = preSolution
		Debug|Any CPU = Debug|Any CPU
		Release|Any CPU = Release|Any CPU
	EndGlobalSection
	GlobalSection(ProjectConfigurationPlatforms) = postSolution
		{E89FE40E-1098-492A-A739-D0357F81E32B}.Debug|Any CPU.ActiveCfg = Debug|Any CPU
		{E89FE40E-1098-492A-A739-D0357F81E32B}.Debug|Any CPU.Build.0 = Debug|Any CPU
		{E89FE40E-1098-492A-A739-D0357F81E32B}.Release|Any CPU.ActiveCfg = Release|Any CPU
		{E89FE40E-1098-492A-A739-D0357F81E32B}.Release|Any CPU.Build.0 = Release|Any CPU
	EndGlobalSection
	GlobalSection(SolutionProperties) = preSolution
		HideSolutionNode = FALSE
	EndGlobalSection
	GlobalSection(ExtensibilityGlobals) = postSolution
		SolutionGuid = {647D9646-C32C-436A-A8F0-45E1ACABDE0B}
	EndGlobalSection
EndGlobal
