
Microsoft Visual Studio Solution File, Format Version 12.00
# Visual Studio Version 17
VisualStudioVersion = 17.9.34714.143
MinimumVisualStudioVersion = 10.0.40219.1
Project("{FAE04EC0-301F-11D3-BF4B-00C04F79EFBC}") = "4_assignment", "4_assignment.csproj", "{00DE5DC1-18D6-4DEB-8A3D-483FD380D66D}"
EndProject
Global
	GlobalSection(SolutionConfigurationPlatforms) = preSolution
		Debug|Any CPU = Debug|Any CPU
		Release|Any CPU = Release|Any CPU
	EndGlobalSection
	GlobalSection(ProjectConfigurationPlatforms) = postSolution
		{00DE5DC1-18D6-4DEB-8A3D-483FD380D66D}.Debug|Any CPU.ActiveCfg = Debug|Any CPU
		{00DE5DC1-18D6-4DEB-8A3D-483FD380D66D}.Debug|Any CPU.Build.0 = Debug|Any CPU
		{00DE5DC1-18D6-4DEB-8A3D-483FD380D66D}.Release|Any CPU.ActiveCfg = Release|Any CPU
		{00DE5DC1-18D6-4DEB-8A3D-483FD380D66D}.Release|Any CPU.Build.0 = Release|Any CPU
	EndGlobalSection
	GlobalSection(SolutionProperties) = preSolution
		HideSolutionNode = FALSE
	EndGlobalSection
	GlobalSection(ExtensibilityGlobals) = postSolution
		SolutionGuid = {0D04B23E-65BE-4B4A-B81A-A9F7BB4962CB}
	EndGlobalSection
EndGlobal
