
Microsoft Visual Studio Solution File, Format Version 12.00
# Visual Studio Version 17
VisualStudioVersion = 17.9.34714.143
MinimumVisualStudioVersion = 10.0.40219.1
Project("{FAE04EC0-301F-11D3-BF4B-00C04F79EFBC}") = "OddAndEven", "OddAndEven.csproj", "{AA03F895-E6A5-46F1-911E-D7DD068D750B}"
EndProject
Global
	GlobalSection(SolutionConfigurationPlatforms) = preSolution
		Debug|Any CPU = Debug|Any CPU
		Release|Any CPU = Release|Any CPU
	EndGlobalSection
	GlobalSection(ProjectConfigurationPlatforms) = postSolution
		{AA03F895-E6A5-46F1-911E-D7DD068D750B}.Debug|Any CPU.ActiveCfg = Debug|Any CPU
		{AA03F895-E6A5-46F1-911E-D7DD068D750B}.Debug|Any CPU.Build.0 = Debug|Any CPU
		{AA03F895-E6A5-46F1-911E-D7DD068D750B}.Release|Any CPU.ActiveCfg = Release|Any CPU
		{AA03F895-E6A5-46F1-911E-D7DD068D750B}.Release|Any CPU.Build.0 = Release|Any CPU
	EndGlobalSection
	GlobalSection(SolutionProperties) = preSolution
		HideSolutionNode = FALSE
	EndGlobalSection
	GlobalSection(ExtensibilityGlobals) = postSolution
		SolutionGuid = {35FF84E1-32BF-4E5F-A689-F198D124C63E}
	EndGlobalSection
EndGlobal
