
Microsoft Visual Studio Solution File, Format Version 12.00
# Visual Studio Version 17
VisualStudioVersion = 17.9.34714.143
MinimumVisualStudioVersion = 10.0.40219.1
Project("{FAE04EC0-301F-11D3-BF4B-00C04F79EFBC}") = "SimpleIntrest", "SimpleIntrest.csproj", "{1799CBE2-237F-46EF-9395-F8390E2F3535}"
EndProject
Global
	GlobalSection(SolutionConfigurationPlatforms) = preSolution
		Debug|Any CPU = Debug|Any CPU
		Release|Any CPU = Release|Any CPU
	EndGlobalSection
	GlobalSection(ProjectConfigurationPlatforms) = postSolution
		{1799CBE2-237F-46EF-9395-F8390E2F3535}.Debug|Any CPU.ActiveCfg = Debug|Any CPU
		{1799CBE2-237F-46EF-9395-F8390E2F3535}.Debug|Any CPU.Build.0 = Debug|Any CPU
		{1799CBE2-237F-46EF-9395-F8390E2F3535}.Release|Any CPU.ActiveCfg = Release|Any CPU
		{1799CBE2-237F-46EF-9395-F8390E2F3535}.Release|Any CPU.Build.0 = Release|Any CPU
	EndGlobalSection
	GlobalSection(SolutionProperties) = preSolution
		HideSolutionNode = FALSE
	EndGlobalSection
	GlobalSection(ExtensibilityGlobals) = postSolution
		SolutionGuid = {2ADB37E2-33DF-4A51-ABCC-720DE10AF07D}
	EndGlobalSection
EndGlobal
