
Microsoft Visual Studio Solution File, Format Version 12.00
# Visual Studio Version 17
VisualStudioVersion = 17.9.34714.143
MinimumVisualStudioVersion = 10.0.40219.1
Project("{FAE04EC0-301F-11D3-BF4B-00C04F79EFBC}") = "cordinate", "cordinate.csproj", "{1B31A59B-7360-4B99-8A33-84D0E5F0D6D7}"
EndProject
Global
	GlobalSection(SolutionConfigurationPlatforms) = preSolution
		Debug|Any CPU = Debug|Any CPU
		Release|Any CPU = Release|Any CPU
	EndGlobalSection
	GlobalSection(ProjectConfigurationPlatforms) = postSolution
		{1B31A59B-7360-4B99-8A33-84D0E5F0D6D7}.Debug|Any CPU.ActiveCfg = Debug|Any CPU
		{1B31A59B-7360-4B99-8A33-84D0E5F0D6D7}.Debug|Any CPU.Build.0 = Debug|Any CPU
		{1B31A59B-7360-4B99-8A33-84D0E5F0D6D7}.Release|Any CPU.ActiveCfg = Release|Any CPU
		{1B31A59B-7360-4B99-8A33-84D0E5F0D6D7}.Release|Any CPU.Build.0 = Release|Any CPU
	EndGlobalSection
	GlobalSection(SolutionProperties) = preSolution
		HideSolutionNode = FALSE
	EndGlobalSection
	GlobalSection(ExtensibilityGlobals) = postSolution
		SolutionGuid = {1C450638-11C4-45E0-8C7A-D2B87B8543DE}
	EndGlobalSection
EndGlobal
