
Microsoft Visual Studio Solution File, Format Version 12.00
# Visual Studio Version 17
VisualStudioVersion = 17.9.34714.143
MinimumVisualStudioVersion = 10.0.40219.1
Project("{FAE04EC0-301F-11D3-BF4B-00C04F79EFBC}") = "createFile", "createFile.csproj", "{27874918-1451-4E3C-95A4-56B83034A6F8}"
EndProject
Global
	GlobalSection(SolutionConfigurationPlatforms) = preSolution
		Debug|Any CPU = Debug|Any CPU
		Release|Any CPU = Release|Any CPU
	EndGlobalSection
	GlobalSection(ProjectConfigurationPlatforms) = postSolution
		{27874918-1451-4E3C-95A4-56B83034A6F8}.Debug|Any CPU.ActiveCfg = Debug|Any CPU
		{27874918-1451-4E3C-95A4-56B83034A6F8}.Debug|Any CPU.Build.0 = Debug|Any CPU
		{27874918-1451-4E3C-95A4-56B83034A6F8}.Release|Any CPU.ActiveCfg = Release|Any CPU
		{27874918-1451-4E3C-95A4-56B83034A6F8}.Release|Any CPU.Build.0 = Release|Any CPU
	EndGlobalSection
	GlobalSection(SolutionProperties) = preSolution
		HideSolutionNode = FALSE
	EndGlobalSection
	GlobalSection(ExtensibilityGlobals) = postSolution
		SolutionGuid = {E905D170-ACAC-4625-BC2F-A249384E7CFE}
	EndGlobalSection
EndGlobal
