
Microsoft Visual Studio Solution File, Format Version 12.00
# Visual Studio Version 17
VisualStudioVersion = 17.9.34714.143
MinimumVisualStudioVersion = 10.0.40219.1
Project("{FAE04EC0-301F-11D3-BF4B-00C04F79EFBC}") = "filerename", "filerename.csproj", "{D2F12B74-8A55-4C14-BDB8-E075CBB2CC5D}"
EndProject
Global
	GlobalSection(SolutionConfigurationPlatforms) = preSolution
		Debug|Any CPU = Debug|Any CPU
		Release|Any CPU = Release|Any CPU
	EndGlobalSection
	GlobalSection(ProjectConfigurationPlatforms) = postSolution
		{D2F12B74-8A55-4C14-BDB8-E075CBB2CC5D}.Debug|Any CPU.ActiveCfg = Debug|Any CPU
		{D2F12B74-8A55-4C14-BDB8-E075CBB2CC5D}.Debug|Any CPU.Build.0 = Debug|Any CPU
		{D2F12B74-8A55-4C14-BDB8-E075CBB2CC5D}.Release|Any CPU.ActiveCfg = Release|Any CPU
		{D2F12B74-8A55-4C14-BDB8-E075CBB2CC5D}.Release|Any CPU.Build.0 = Release|Any CPU
	EndGlobalSection
	GlobalSection(SolutionProperties) = preSolution
		HideSolutionNode = FALSE
	EndGlobalSection
	GlobalSection(ExtensibilityGlobals) = postSolution
		SolutionGuid = {4A59AC04-A129-49C6-83A8-DA9A3C51C83E}
	EndGlobalSection
EndGlobal
