
Microsoft Visual Studio Solution File, Format Version 12.00
# Visual Studio Version 17
VisualStudioVersion = 17.9.34714.143
MinimumVisualStudioVersion = 10.0.40219.1
Project("{FAE04EC0-301F-11D3-BF4B-00C04F79EFBC}") = "EmployeeDetails", "EmployeeDetails.csproj", "{9EB7499F-AFE6-458A-BF92-6AA9B9EF10D4}"
EndProject
Global
	GlobalSection(SolutionConfigurationPlatforms) = preSolution
		Debug|Any CPU = Debug|Any CPU
		Release|Any CPU = Release|Any CPU
	EndGlobalSection
	GlobalSection(ProjectConfigurationPlatforms) = postSolution
		{9EB7499F-AFE6-458A-BF92-6AA9B9EF10D4}.Debug|Any CPU.ActiveCfg = Debug|Any CPU
		{9EB7499F-AFE6-458A-BF92-6AA9B9EF10D4}.Debug|Any CPU.Build.0 = Debug|Any CPU
		{9EB7499F-AFE6-458A-BF92-6AA9B9EF10D4}.Release|Any CPU.ActiveCfg = Release|Any CPU
		{9EB7499F-AFE6-458A-BF92-6AA9B9EF10D4}.Release|Any CPU.Build.0 = Release|Any CPU
	EndGlobalSection
	GlobalSection(SolutionProperties) = preSolution
		HideSolutionNode = FALSE
	EndGlobalSection
	GlobalSection(ExtensibilityGlobals) = postSolution
		SolutionGuid = {DA6F74C1-8759-41DC-B0A0-32A085B58D98}
	EndGlobalSection
EndGlobal
